<<<<<<< HEAD
<<<<<<< HEAD
﻿
Microsoft Visual Studio Solution File, Format Version 12.00
# Visual Studio Version 17
VisualStudioVersion = 17.5.002.0
MinimumVisualStudioVersion = 10.0.40219.1
Project("{2150E333-8FDC-42A3-9474-1A3956D46DE8}") = "Files", "Files", "{6583346F-E4B7-499E-A197-4A557A863F43}"
EndProject
Project("{9A19103F-16F7-4668-BE54-9A1E7A4F7556}") = "CreateFiles", "Files\CreateFiles\CreateFiles.csproj", "{3CD3E3AA-0CF0-4637-A193-770F3A2150A8}"
EndProject
Project("{9A19103F-16F7-4668-BE54-9A1E7A4F7556}") = "Directories", "Files\Directories\Directories.csproj", "{CE7C3F5E-607E-473B-9E40-BA518B39F62A}"
EndProject
Project("{9A19103F-16F7-4668-BE54-9A1E7A4F7556}") = "FileInfo", "Files\FileInfo\FileInfo.csproj", "{9125B755-C308-499C-AF53-9A1303D9FC15}"
EndProject
Project("{9A19103F-16F7-4668-BE54-9A1E7A4F7556}") = "ReadWriteFiles", "Files\ReadWriteFiles\ReadWriteFiles.csproj", "{CD046509-52FE-43FE-A1BE-2D5C72D8B2BE}"
EndProject
Project("{2150E333-8FDC-42A3-9474-1A3956D46DE8}") = "NumbersDates", "NumbersDates", "{FDBACBE3-C843-479C-A99A-73358416EC4A}"
EndProject
Project("{9A19103F-16F7-4668-BE54-9A1E7A4F7556}") = "DateTimeClass", "NumbersDates\DateTimeClass\DateTimeClass.csproj", "{905BA825-0295-44D0-8180-8DF658C116C2}"
EndProject
Project("{9A19103F-16F7-4668-BE54-9A1E7A4F7556}") = "FormatDates", "NumbersDates\FormatDates\FormatDates.csproj", "{6261597E-77D8-49D5-9C4A-1D19B6ED50FA}"
EndProject
Project("{9A19103F-16F7-4668-BE54-9A1E7A4F7556}") = "FormatNumbers", "NumbersDates\FormatNumbers\FormatNumbers.csproj", "{6E81B470-9C35-4334-AFB0-9487D4D05803}"
EndProject
Project("{9A19103F-16F7-4668-BE54-9A1E7A4F7556}") = "ParseDates", "NumbersDates\ParseDates\ParseDates.csproj", "{DFC66CF0-59C0-417D-90C8-6AF7897172D4}"
EndProject
Project("{9A19103F-16F7-4668-BE54-9A1E7A4F7556}") = "ParseNumbers", "NumbersDates\ParseNumbers\ParseNumbers.csproj", "{8CA72222-D526-4BD6-BE37-B27FDCCB7A3D}"
EndProject
Project("{2150E333-8FDC-42A3-9474-1A3956D46DE8}") = "Overview", "Overview", "{EF5389E7-D1BC-428C-A197-8878AFAAC46B}"
EndProject
Project("{9A19103F-16F7-4668-BE54-9A1E7A4F7556}") = "DataTypes", "Overview\DataTypes\DataTypes.csproj", "{F4B9602A-C20E-4C6F-9523-6E4B1B709345}"
EndProject
Project("{9A19103F-16F7-4668-BE54-9A1E7A4F7556}") = "GarbageCollect", "Overview\GarbageCollect\GarbageCollect.csproj", "{DF3A87E6-257F-4D8E-A85A-935D1F9388DC}"
EndProject
Project("{9A19103F-16F7-4668-BE54-9A1E7A4F7556}") = "MyConsoleApp", "Overview\MyConsoleApp\MyConsoleApp.csproj", "{36183AC0-EB1A-4283-B089-5D0B47C321A0}"
EndProject
Project("{2150E333-8FDC-42A3-9474-1A3956D46DE8}") = "Regex", "Regex", "{AE5FFC28-9F80-4DB2-9FA7-0F246AE25BC7}"
EndProject
Project("{9A19103F-16F7-4668-BE54-9A1E7A4F7556}") = "Finding", "Regex\Finding\Finding.csproj", "{3806049C-8570-4F01-890A-FA528D00469C}"
EndProject
Project("{9A19103F-16F7-4668-BE54-9A1E7A4F7556}") = "Replacing", "Regex\Replacing\Replacing.csproj", "{87D6B9B3-55B5-44EF-9BCE-ECE4096FA0D7}"
EndProject
Project("{9A19103F-16F7-4668-BE54-9A1E7A4F7556}") = "RegexTimeouts", "Regex\Timeouts\RegexTimeouts.csproj", "{D2675422-96E9-4829-8B13-BC6BA2828CD9}"
EndProject
Project("{2150E333-8FDC-42A3-9474-1A3956D46DE8}") = "Strings", "Strings", "{A0B80559-CD65-4217-A927-CB70288325AB}"
EndProject
Project("{9A19103F-16F7-4668-BE54-9A1E7A4F7556}") = "Formatting", "Strings\Formatting\Formatting.csproj", "{3F984F73-7853-40B6-AF77-1192398859AE}"
EndProject
Project("{9A19103F-16F7-4668-BE54-9A1E7A4F7556}") = "Interpolation", "Strings\Interpolation\Interpolation.csproj", "{FF783AEB-DB2C-4BD1-956E-E01470FCBD01}"
EndProject
Project("{9A19103F-16F7-4668-BE54-9A1E7A4F7556}") = "Manipulation", "Strings\Manipulation\Manipulation.csproj", "{3E16464C-916D-4DF5-8A9A-C38AF32C8AA3}"
EndProject
Project("{9A19103F-16F7-4668-BE54-9A1E7A4F7556}") = "Searching", "Strings\Searching\Searching.csproj", "{375C2FD4-4091-4DDF-B3E2-CC661B4D211D}"
EndProject
Global
	GlobalSection(SolutionConfigurationPlatforms) = preSolution
		Debug|Any CPU = Debug|Any CPU
		Release|Any CPU = Release|Any CPU
	EndGlobalSection
	GlobalSection(ProjectConfigurationPlatforms) = postSolution
		{3CD3E3AA-0CF0-4637-A193-770F3A2150A8}.Debug|Any CPU.ActiveCfg = Debug|Any CPU
		{3CD3E3AA-0CF0-4637-A193-770F3A2150A8}.Debug|Any CPU.Build.0 = Debug|Any CPU
		{3CD3E3AA-0CF0-4637-A193-770F3A2150A8}.Release|Any CPU.ActiveCfg = Release|Any CPU
		{3CD3E3AA-0CF0-4637-A193-770F3A2150A8}.Release|Any CPU.Build.0 = Release|Any CPU
		{CE7C3F5E-607E-473B-9E40-BA518B39F62A}.Debug|Any CPU.ActiveCfg = Debug|Any CPU
		{CE7C3F5E-607E-473B-9E40-BA518B39F62A}.Debug|Any CPU.Build.0 = Debug|Any CPU
		{CE7C3F5E-607E-473B-9E40-BA518B39F62A}.Release|Any CPU.ActiveCfg = Release|Any CPU
		{CE7C3F5E-607E-473B-9E40-BA518B39F62A}.Release|Any CPU.Build.0 = Release|Any CPU
		{9125B755-C308-499C-AF53-9A1303D9FC15}.Debug|Any CPU.ActiveCfg = Debug|Any CPU
		{9125B755-C308-499C-AF53-9A1303D9FC15}.Debug|Any CPU.Build.0 = Debug|Any CPU
		{9125B755-C308-499C-AF53-9A1303D9FC15}.Release|Any CPU.ActiveCfg = Release|Any CPU
		{9125B755-C308-499C-AF53-9A1303D9FC15}.Release|Any CPU.Build.0 = Release|Any CPU
		{CD046509-52FE-43FE-A1BE-2D5C72D8B2BE}.Debug|Any CPU.ActiveCfg = Debug|Any CPU
		{CD046509-52FE-43FE-A1BE-2D5C72D8B2BE}.Debug|Any CPU.Build.0 = Debug|Any CPU
		{CD046509-52FE-43FE-A1BE-2D5C72D8B2BE}.Release|Any CPU.ActiveCfg = Release|Any CPU
		{CD046509-52FE-43FE-A1BE-2D5C72D8B2BE}.Release|Any CPU.Build.0 = Release|Any CPU
		{905BA825-0295-44D0-8180-8DF658C116C2}.Debug|Any CPU.ActiveCfg = Debug|Any CPU
		{905BA825-0295-44D0-8180-8DF658C116C2}.Debug|Any CPU.Build.0 = Debug|Any CPU
		{905BA825-0295-44D0-8180-8DF658C116C2}.Release|Any CPU.ActiveCfg = Release|Any CPU
		{905BA825-0295-44D0-8180-8DF658C116C2}.Release|Any CPU.Build.0 = Release|Any CPU
		{6261597E-77D8-49D5-9C4A-1D19B6ED50FA}.Debug|Any CPU.ActiveCfg = Debug|Any CPU
		{6261597E-77D8-49D5-9C4A-1D19B6ED50FA}.Debug|Any CPU.Build.0 = Debug|Any CPU
		{6261597E-77D8-49D5-9C4A-1D19B6ED50FA}.Release|Any CPU.ActiveCfg = Release|Any CPU
		{6261597E-77D8-49D5-9C4A-1D19B6ED50FA}.Release|Any CPU.Build.0 = Release|Any CPU
		{6E81B470-9C35-4334-AFB0-9487D4D05803}.Debug|Any CPU.ActiveCfg = Debug|Any CPU
		{6E81B470-9C35-4334-AFB0-9487D4D05803}.Debug|Any CPU.Build.0 = Debug|Any CPU
		{6E81B470-9C35-4334-AFB0-9487D4D05803}.Release|Any CPU.ActiveCfg = Release|Any CPU
		{6E81B470-9C35-4334-AFB0-9487D4D05803}.Release|Any CPU.Build.0 = Release|Any CPU
		{DFC66CF0-59C0-417D-90C8-6AF7897172D4}.Debug|Any CPU.ActiveCfg = Debug|Any CPU
		{DFC66CF0-59C0-417D-90C8-6AF7897172D4}.Debug|Any CPU.Build.0 = Debug|Any CPU
		{DFC66CF0-59C0-417D-90C8-6AF7897172D4}.Release|Any CPU.ActiveCfg = Release|Any CPU
		{DFC66CF0-59C0-417D-90C8-6AF7897172D4}.Release|Any CPU.Build.0 = Release|Any CPU
		{8CA72222-D526-4BD6-BE37-B27FDCCB7A3D}.Debug|Any CPU.ActiveCfg = Debug|Any CPU
		{8CA72222-D526-4BD6-BE37-B27FDCCB7A3D}.Debug|Any CPU.Build.0 = Debug|Any CPU
		{8CA72222-D526-4BD6-BE37-B27FDCCB7A3D}.Release|Any CPU.ActiveCfg = Release|Any CPU
		{8CA72222-D526-4BD6-BE37-B27FDCCB7A3D}.Release|Any CPU.Build.0 = Release|Any CPU
		{F4B9602A-C20E-4C6F-9523-6E4B1B709345}.Debug|Any CPU.ActiveCfg = Debug|Any CPU
		{F4B9602A-C20E-4C6F-9523-6E4B1B709345}.Debug|Any CPU.Build.0 = Debug|Any CPU
		{F4B9602A-C20E-4C6F-9523-6E4B1B709345}.Release|Any CPU.ActiveCfg = Release|Any CPU
		{F4B9602A-C20E-4C6F-9523-6E4B1B709345}.Release|Any CPU.Build.0 = Release|Any CPU
		{DF3A87E6-257F-4D8E-A85A-935D1F9388DC}.Debug|Any CPU.ActiveCfg = Debug|Any CPU
		{DF3A87E6-257F-4D8E-A85A-935D1F9388DC}.Debug|Any CPU.Build.0 = Debug|Any CPU
		{DF3A87E6-257F-4D8E-A85A-935D1F9388DC}.Release|Any CPU.ActiveCfg = Release|Any CPU
		{DF3A87E6-257F-4D8E-A85A-935D1F9388DC}.Release|Any CPU.Build.0 = Release|Any CPU
		{36183AC0-EB1A-4283-B089-5D0B47C321A0}.Debug|Any CPU.ActiveCfg = Debug|Any CPU
		{36183AC0-EB1A-4283-B089-5D0B47C321A0}.Debug|Any CPU.Build.0 = Debug|Any CPU
		{36183AC0-EB1A-4283-B089-5D0B47C321A0}.Release|Any CPU.ActiveCfg = Release|Any CPU
		{36183AC0-EB1A-4283-B089-5D0B47C321A0}.Release|Any CPU.Build.0 = Release|Any CPU
		{3806049C-8570-4F01-890A-FA528D00469C}.Debug|Any CPU.ActiveCfg = Debug|Any CPU
		{3806049C-8570-4F01-890A-FA528D00469C}.Debug|Any CPU.Build.0 = Debug|Any CPU
		{3806049C-8570-4F01-890A-FA528D00469C}.Release|Any CPU.ActiveCfg = Release|Any CPU
		{3806049C-8570-4F01-890A-FA528D00469C}.Release|Any CPU.Build.0 = Release|Any CPU
		{87D6B9B3-55B5-44EF-9BCE-ECE4096FA0D7}.Debug|Any CPU.ActiveCfg = Debug|Any CPU
		{87D6B9B3-55B5-44EF-9BCE-ECE4096FA0D7}.Debug|Any CPU.Build.0 = Debug|Any CPU
		{87D6B9B3-55B5-44EF-9BCE-ECE4096FA0D7}.Release|Any CPU.ActiveCfg = Release|Any CPU
		{87D6B9B3-55B5-44EF-9BCE-ECE4096FA0D7}.Release|Any CPU.Build.0 = Release|Any CPU
		{D2675422-96E9-4829-8B13-BC6BA2828CD9}.Debug|Any CPU.ActiveCfg = Debug|Any CPU
		{D2675422-96E9-4829-8B13-BC6BA2828CD9}.Debug|Any CPU.Build.0 = Debug|Any CPU
		{D2675422-96E9-4829-8B13-BC6BA2828CD9}.Release|Any CPU.ActiveCfg = Release|Any CPU
		{D2675422-96E9-4829-8B13-BC6BA2828CD9}.Release|Any CPU.Build.0 = Release|Any CPU
		{3F984F73-7853-40B6-AF77-1192398859AE}.Debug|Any CPU.ActiveCfg = Debug|Any CPU
		{3F984F73-7853-40B6-AF77-1192398859AE}.Debug|Any CPU.Build.0 = Debug|Any CPU
		{3F984F73-7853-40B6-AF77-1192398859AE}.Release|Any CPU.ActiveCfg = Release|Any CPU
		{3F984F73-7853-40B6-AF77-1192398859AE}.Release|Any CPU.Build.0 = Release|Any CPU
		{FF783AEB-DB2C-4BD1-956E-E01470FCBD01}.Debug|Any CPU.ActiveCfg = Debug|Any CPU
		{FF783AEB-DB2C-4BD1-956E-E01470FCBD01}.Debug|Any CPU.Build.0 = Debug|Any CPU
		{FF783AEB-DB2C-4BD1-956E-E01470FCBD01}.Release|Any CPU.ActiveCfg = Release|Any CPU
		{FF783AEB-DB2C-4BD1-956E-E01470FCBD01}.Release|Any CPU.Build.0 = Release|Any CPU
		{3E16464C-916D-4DF5-8A9A-C38AF32C8AA3}.Debug|Any CPU.ActiveCfg = Debug|Any CPU
		{3E16464C-916D-4DF5-8A9A-C38AF32C8AA3}.Debug|Any CPU.Build.0 = Debug|Any CPU
		{3E16464C-916D-4DF5-8A9A-C38AF32C8AA3}.Release|Any CPU.ActiveCfg = Release|Any CPU
		{3E16464C-916D-4DF5-8A9A-C38AF32C8AA3}.Release|Any CPU.Build.0 = Release|Any CPU
		{375C2FD4-4091-4DDF-B3E2-CC661B4D211D}.Debug|Any CPU.ActiveCfg = Debug|Any CPU
		{375C2FD4-4091-4DDF-B3E2-CC661B4D211D}.Debug|Any CPU.Build.0 = Debug|Any CPU
		{375C2FD4-4091-4DDF-B3E2-CC661B4D211D}.Release|Any CPU.ActiveCfg = Release|Any CPU
		{375C2FD4-4091-4DDF-B3E2-CC661B4D211D}.Release|Any CPU.Build.0 = Release|Any CPU
	EndGlobalSection
	GlobalSection(SolutionProperties) = preSolution
		HideSolutionNode = FALSE
	EndGlobalSection
	GlobalSection(NestedProjects) = preSolution
		{3CD3E3AA-0CF0-4637-A193-770F3A2150A8} = {6583346F-E4B7-499E-A197-4A557A863F43}
		{CE7C3F5E-607E-473B-9E40-BA518B39F62A} = {6583346F-E4B7-499E-A197-4A557A863F43}
		{9125B755-C308-499C-AF53-9A1303D9FC15} = {6583346F-E4B7-499E-A197-4A557A863F43}
		{CD046509-52FE-43FE-A1BE-2D5C72D8B2BE} = {6583346F-E4B7-499E-A197-4A557A863F43}
		{905BA825-0295-44D0-8180-8DF658C116C2} = {FDBACBE3-C843-479C-A99A-73358416EC4A}
		{6261597E-77D8-49D5-9C4A-1D19B6ED50FA} = {FDBACBE3-C843-479C-A99A-73358416EC4A}
		{6E81B470-9C35-4334-AFB0-9487D4D05803} = {FDBACBE3-C843-479C-A99A-73358416EC4A}
		{DFC66CF0-59C0-417D-90C8-6AF7897172D4} = {FDBACBE3-C843-479C-A99A-73358416EC4A}
		{8CA72222-D526-4BD6-BE37-B27FDCCB7A3D} = {FDBACBE3-C843-479C-A99A-73358416EC4A}
		{F4B9602A-C20E-4C6F-9523-6E4B1B709345} = {EF5389E7-D1BC-428C-A197-8878AFAAC46B}
		{DF3A87E6-257F-4D8E-A85A-935D1F9388DC} = {EF5389E7-D1BC-428C-A197-8878AFAAC46B}
		{36183AC0-EB1A-4283-B089-5D0B47C321A0} = {EF5389E7-D1BC-428C-A197-8878AFAAC46B}
		{3806049C-8570-4F01-890A-FA528D00469C} = {AE5FFC28-9F80-4DB2-9FA7-0F246AE25BC7}
		{87D6B9B3-55B5-44EF-9BCE-ECE4096FA0D7} = {AE5FFC28-9F80-4DB2-9FA7-0F246AE25BC7}
		{D2675422-96E9-4829-8B13-BC6BA2828CD9} = {AE5FFC28-9F80-4DB2-9FA7-0F246AE25BC7}
		{3F984F73-7853-40B6-AF77-1192398859AE} = {A0B80559-CD65-4217-A927-CB70288325AB}
		{FF783AEB-DB2C-4BD1-956E-E01470FCBD01} = {A0B80559-CD65-4217-A927-CB70288325AB}
		{3E16464C-916D-4DF5-8A9A-C38AF32C8AA3} = {A0B80559-CD65-4217-A927-CB70288325AB}
		{375C2FD4-4091-4DDF-B3E2-CC661B4D211D} = {A0B80559-CD65-4217-A927-CB70288325AB}
	EndGlobalSection
	GlobalSection(ExtensibilityGlobals) = postSolution
		SolutionGuid = {015551E1-44ED-4CEE-827A-26BD32494632}
	EndGlobalSection
EndGlobal
=======
=======
>>>>>>> decc36c (first commit)
﻿
Microsoft Visual Studio Solution File, Format Version 12.00
# Visual Studio Version 17
VisualStudioVersion = 17.5.002.0
MinimumVisualStudioVersion = 10.0.40219.1
Project("{2150E333-8FDC-42A3-9474-1A3956D46DE8}") = "Files", "Files", "{6583346F-E4B7-499E-A197-4A557A863F43}"
EndProject
Project("{9A19103F-16F7-4668-BE54-9A1E7A4F7556}") = "CreateFiles", "Files\CreateFiles\CreateFiles.csproj", "{3CD3E3AA-0CF0-4637-A193-770F3A2150A8}"
EndProject
Project("{9A19103F-16F7-4668-BE54-9A1E7A4F7556}") = "Directories", "Files\Directories\Directories.csproj", "{CE7C3F5E-607E-473B-9E40-BA518B39F62A}"
EndProject
Project("{9A19103F-16F7-4668-BE54-9A1E7A4F7556}") = "FileInfo", "Files\FileInfo\FileInfo.csproj", "{9125B755-C308-499C-AF53-9A1303D9FC15}"
EndProject
Project("{9A19103F-16F7-4668-BE54-9A1E7A4F7556}") = "ReadWriteFiles", "Files\ReadWriteFiles\ReadWriteFiles.csproj", "{CD046509-52FE-43FE-A1BE-2D5C72D8B2BE}"
EndProject
Project("{2150E333-8FDC-42A3-9474-1A3956D46DE8}") = "NumbersDates", "NumbersDates", "{FDBACBE3-C843-479C-A99A-73358416EC4A}"
EndProject
Project("{9A19103F-16F7-4668-BE54-9A1E7A4F7556}") = "DateTimeClass", "NumbersDates\DateTimeClass\DateTimeClass.csproj", "{905BA825-0295-44D0-8180-8DF658C116C2}"
EndProject
Project("{9A19103F-16F7-4668-BE54-9A1E7A4F7556}") = "FormatDates", "NumbersDates\FormatDates\FormatDates.csproj", "{6261597E-77D8-49D5-9C4A-1D19B6ED50FA}"
EndProject
Project("{9A19103F-16F7-4668-BE54-9A1E7A4F7556}") = "FormatNumbers", "NumbersDates\FormatNumbers\FormatNumbers.csproj", "{6E81B470-9C35-4334-AFB0-9487D4D05803}"
EndProject
Project("{9A19103F-16F7-4668-BE54-9A1E7A4F7556}") = "ParseDates", "NumbersDates\ParseDates\ParseDates.csproj", "{DFC66CF0-59C0-417D-90C8-6AF7897172D4}"
EndProject
Project("{9A19103F-16F7-4668-BE54-9A1E7A4F7556}") = "ParseNumbers", "NumbersDates\ParseNumbers\ParseNumbers.csproj", "{8CA72222-D526-4BD6-BE37-B27FDCCB7A3D}"
EndProject
Project("{2150E333-8FDC-42A3-9474-1A3956D46DE8}") = "Overview", "Overview", "{EF5389E7-D1BC-428C-A197-8878AFAAC46B}"
EndProject
Project("{9A19103F-16F7-4668-BE54-9A1E7A4F7556}") = "DataTypes", "Overview\DataTypes\DataTypes.csproj", "{F4B9602A-C20E-4C6F-9523-6E4B1B709345}"
EndProject
Project("{9A19103F-16F7-4668-BE54-9A1E7A4F7556}") = "GarbageCollect", "Overview\GarbageCollect\GarbageCollect.csproj", "{DF3A87E6-257F-4D8E-A85A-935D1F9388DC}"
EndProject
Project("{9A19103F-16F7-4668-BE54-9A1E7A4F7556}") = "MyConsoleApp", "Overview\MyConsoleApp\MyConsoleApp.csproj", "{36183AC0-EB1A-4283-B089-5D0B47C321A0}"
EndProject
Project("{2150E333-8FDC-42A3-9474-1A3956D46DE8}") = "Regex", "Regex", "{AE5FFC28-9F80-4DB2-9FA7-0F246AE25BC7}"
EndProject
Project("{9A19103F-16F7-4668-BE54-9A1E7A4F7556}") = "Finding", "Regex\Finding\Finding.csproj", "{3806049C-8570-4F01-890A-FA528D00469C}"
EndProject
Project("{9A19103F-16F7-4668-BE54-9A1E7A4F7556}") = "Replacing", "Regex\Replacing\Replacing.csproj", "{87D6B9B3-55B5-44EF-9BCE-ECE4096FA0D7}"
EndProject
Project("{9A19103F-16F7-4668-BE54-9A1E7A4F7556}") = "RegexTimeouts", "Regex\Timeouts\RegexTimeouts.csproj", "{D2675422-96E9-4829-8B13-BC6BA2828CD9}"
EndProject
Project("{2150E333-8FDC-42A3-9474-1A3956D46DE8}") = "Strings", "Strings", "{A0B80559-CD65-4217-A927-CB70288325AB}"
EndProject
Project("{9A19103F-16F7-4668-BE54-9A1E7A4F7556}") = "Formatting", "Strings\Formatting\Formatting.csproj", "{3F984F73-7853-40B6-AF77-1192398859AE}"
EndProject
Project("{9A19103F-16F7-4668-BE54-9A1E7A4F7556}") = "Interpolation", "Strings\Interpolation\Interpolation.csproj", "{FF783AEB-DB2C-4BD1-956E-E01470FCBD01}"
EndProject
Project("{9A19103F-16F7-4668-BE54-9A1E7A4F7556}") = "Manipulation", "Strings\Manipulation\Manipulation.csproj", "{3E16464C-916D-4DF5-8A9A-C38AF32C8AA3}"
EndProject
Project("{9A19103F-16F7-4668-BE54-9A1E7A4F7556}") = "Searching", "Strings\Searching\Searching.csproj", "{375C2FD4-4091-4DDF-B3E2-CC661B4D211D}"
EndProject
Global
	GlobalSection(SolutionConfigurationPlatforms) = preSolution
		Debug|Any CPU = Debug|Any CPU
		Release|Any CPU = Release|Any CPU
	EndGlobalSection
	GlobalSection(ProjectConfigurationPlatforms) = postSolution
		{3CD3E3AA-0CF0-4637-A193-770F3A2150A8}.Debug|Any CPU.ActiveCfg = Debug|Any CPU
		{3CD3E3AA-0CF0-4637-A193-770F3A2150A8}.Debug|Any CPU.Build.0 = Debug|Any CPU
		{3CD3E3AA-0CF0-4637-A193-770F3A2150A8}.Release|Any CPU.ActiveCfg = Release|Any CPU
		{3CD3E3AA-0CF0-4637-A193-770F3A2150A8}.Release|Any CPU.Build.0 = Release|Any CPU
		{CE7C3F5E-607E-473B-9E40-BA518B39F62A}.Debug|Any CPU.ActiveCfg = Debug|Any CPU
		{CE7C3F5E-607E-473B-9E40-BA518B39F62A}.Debug|Any CPU.Build.0 = Debug|Any CPU
		{CE7C3F5E-607E-473B-9E40-BA518B39F62A}.Release|Any CPU.ActiveCfg = Release|Any CPU
		{CE7C3F5E-607E-473B-9E40-BA518B39F62A}.Release|Any CPU.Build.0 = Release|Any CPU
		{9125B755-C308-499C-AF53-9A1303D9FC15}.Debug|Any CPU.ActiveCfg = Debug|Any CPU
		{9125B755-C308-499C-AF53-9A1303D9FC15}.Debug|Any CPU.Build.0 = Debug|Any CPU
		{9125B755-C308-499C-AF53-9A1303D9FC15}.Release|Any CPU.ActiveCfg = Release|Any CPU
		{9125B755-C308-499C-AF53-9A1303D9FC15}.Release|Any CPU.Build.0 = Release|Any CPU
		{CD046509-52FE-43FE-A1BE-2D5C72D8B2BE}.Debug|Any CPU.ActiveCfg = Debug|Any CPU
		{CD046509-52FE-43FE-A1BE-2D5C72D8B2BE}.Debug|Any CPU.Build.0 = Debug|Any CPU
		{CD046509-52FE-43FE-A1BE-2D5C72D8B2BE}.Release|Any CPU.ActiveCfg = Release|Any CPU
		{CD046509-52FE-43FE-A1BE-2D5C72D8B2BE}.Release|Any CPU.Build.0 = Release|Any CPU
		{905BA825-0295-44D0-8180-8DF658C116C2}.Debug|Any CPU.ActiveCfg = Debug|Any CPU
		{905BA825-0295-44D0-8180-8DF658C116C2}.Debug|Any CPU.Build.0 = Debug|Any CPU
		{905BA825-0295-44D0-8180-8DF658C116C2}.Release|Any CPU.ActiveCfg = Release|Any CPU
		{905BA825-0295-44D0-8180-8DF658C116C2}.Release|Any CPU.Build.0 = Release|Any CPU
		{6261597E-77D8-49D5-9C4A-1D19B6ED50FA}.Debug|Any CPU.ActiveCfg = Debug|Any CPU
		{6261597E-77D8-49D5-9C4A-1D19B6ED50FA}.Debug|Any CPU.Build.0 = Debug|Any CPU
		{6261597E-77D8-49D5-9C4A-1D19B6ED50FA}.Release|Any CPU.ActiveCfg = Release|Any CPU
		{6261597E-77D8-49D5-9C4A-1D19B6ED50FA}.Release|Any CPU.Build.0 = Release|Any CPU
		{6E81B470-9C35-4334-AFB0-9487D4D05803}.Debug|Any CPU.ActiveCfg = Debug|Any CPU
		{6E81B470-9C35-4334-AFB0-9487D4D05803}.Debug|Any CPU.Build.0 = Debug|Any CPU
		{6E81B470-9C35-4334-AFB0-9487D4D05803}.Release|Any CPU.ActiveCfg = Release|Any CPU
		{6E81B470-9C35-4334-AFB0-9487D4D05803}.Release|Any CPU.Build.0 = Release|Any CPU
		{DFC66CF0-59C0-417D-90C8-6AF7897172D4}.Debug|Any CPU.ActiveCfg = Debug|Any CPU
		{DFC66CF0-59C0-417D-90C8-6AF7897172D4}.Debug|Any CPU.Build.0 = Debug|Any CPU
		{DFC66CF0-59C0-417D-90C8-6AF7897172D4}.Release|Any CPU.ActiveCfg = Release|Any CPU
		{DFC66CF0-59C0-417D-90C8-6AF7897172D4}.Release|Any CPU.Build.0 = Release|Any CPU
		{8CA72222-D526-4BD6-BE37-B27FDCCB7A3D}.Debug|Any CPU.ActiveCfg = Debug|Any CPU
		{8CA72222-D526-4BD6-BE37-B27FDCCB7A3D}.Debug|Any CPU.Build.0 = Debug|Any CPU
		{8CA72222-D526-4BD6-BE37-B27FDCCB7A3D}.Release|Any CPU.ActiveCfg = Release|Any CPU
		{8CA72222-D526-4BD6-BE37-B27FDCCB7A3D}.Release|Any CPU.Build.0 = Release|Any CPU
		{F4B9602A-C20E-4C6F-9523-6E4B1B709345}.Debug|Any CPU.ActiveCfg = Debug|Any CPU
		{F4B9602A-C20E-4C6F-9523-6E4B1B709345}.Debug|Any CPU.Build.0 = Debug|Any CPU
		{F4B9602A-C20E-4C6F-9523-6E4B1B709345}.Release|Any CPU.ActiveCfg = Release|Any CPU
		{F4B9602A-C20E-4C6F-9523-6E4B1B709345}.Release|Any CPU.Build.0 = Release|Any CPU
		{DF3A87E6-257F-4D8E-A85A-935D1F9388DC}.Debug|Any CPU.ActiveCfg = Debug|Any CPU
		{DF3A87E6-257F-4D8E-A85A-935D1F9388DC}.Debug|Any CPU.Build.0 = Debug|Any CPU
		{DF3A87E6-257F-4D8E-A85A-935D1F9388DC}.Release|Any CPU.ActiveCfg = Release|Any CPU
		{DF3A87E6-257F-4D8E-A85A-935D1F9388DC}.Release|Any CPU.Build.0 = Release|Any CPU
		{36183AC0-EB1A-4283-B089-5D0B47C321A0}.Debug|Any CPU.ActiveCfg = Debug|Any CPU
		{36183AC0-EB1A-4283-B089-5D0B47C321A0}.Debug|Any CPU.Build.0 = Debug|Any CPU
		{36183AC0-EB1A-4283-B089-5D0B47C321A0}.Release|Any CPU.ActiveCfg = Release|Any CPU
		{36183AC0-EB1A-4283-B089-5D0B47C321A0}.Release|Any CPU.Build.0 = Release|Any CPU
		{3806049C-8570-4F01-890A-FA528D00469C}.Debug|Any CPU.ActiveCfg = Debug|Any CPU
		{3806049C-8570-4F01-890A-FA528D00469C}.Debug|Any CPU.Build.0 = Debug|Any CPU
		{3806049C-8570-4F01-890A-FA528D00469C}.Release|Any CPU.ActiveCfg = Release|Any CPU
		{3806049C-8570-4F01-890A-FA528D00469C}.Release|Any CPU.Build.0 = Release|Any CPU
		{87D6B9B3-55B5-44EF-9BCE-ECE4096FA0D7}.Debug|Any CPU.ActiveCfg = Debug|Any CPU
		{87D6B9B3-55B5-44EF-9BCE-ECE4096FA0D7}.Debug|Any CPU.Build.0 = Debug|Any CPU
		{87D6B9B3-55B5-44EF-9BCE-ECE4096FA0D7}.Release|Any CPU.ActiveCfg = Release|Any CPU
		{87D6B9B3-55B5-44EF-9BCE-ECE4096FA0D7}.Release|Any CPU.Build.0 = Release|Any CPU
		{D2675422-96E9-4829-8B13-BC6BA2828CD9}.Debug|Any CPU.ActiveCfg = Debug|Any CPU
		{D2675422-96E9-4829-8B13-BC6BA2828CD9}.Debug|Any CPU.Build.0 = Debug|Any CPU
		{D2675422-96E9-4829-8B13-BC6BA2828CD9}.Release|Any CPU.ActiveCfg = Release|Any CPU
		{D2675422-96E9-4829-8B13-BC6BA2828CD9}.Release|Any CPU.Build.0 = Release|Any CPU
		{3F984F73-7853-40B6-AF77-1192398859AE}.Debug|Any CPU.ActiveCfg = Debug|Any CPU
		{3F984F73-7853-40B6-AF77-1192398859AE}.Debug|Any CPU.Build.0 = Debug|Any CPU
		{3F984F73-7853-40B6-AF77-1192398859AE}.Release|Any CPU.ActiveCfg = Release|Any CPU
		{3F984F73-7853-40B6-AF77-1192398859AE}.Release|Any CPU.Build.0 = Release|Any CPU
		{FF783AEB-DB2C-4BD1-956E-E01470FCBD01}.Debug|Any CPU.ActiveCfg = Debug|Any CPU
		{FF783AEB-DB2C-4BD1-956E-E01470FCBD01}.Debug|Any CPU.Build.0 = Debug|Any CPU
		{FF783AEB-DB2C-4BD1-956E-E01470FCBD01}.Release|Any CPU.ActiveCfg = Release|Any CPU
		{FF783AEB-DB2C-4BD1-956E-E01470FCBD01}.Release|Any CPU.Build.0 = Release|Any CPU
		{3E16464C-916D-4DF5-8A9A-C38AF32C8AA3}.Debug|Any CPU.ActiveCfg = Debug|Any CPU
		{3E16464C-916D-4DF5-8A9A-C38AF32C8AA3}.Debug|Any CPU.Build.0 = Debug|Any CPU
		{3E16464C-916D-4DF5-8A9A-C38AF32C8AA3}.Release|Any CPU.ActiveCfg = Release|Any CPU
		{3E16464C-916D-4DF5-8A9A-C38AF32C8AA3}.Release|Any CPU.Build.0 = Release|Any CPU
		{375C2FD4-4091-4DDF-B3E2-CC661B4D211D}.Debug|Any CPU.ActiveCfg = Debug|Any CPU
		{375C2FD4-4091-4DDF-B3E2-CC661B4D211D}.Debug|Any CPU.Build.0 = Debug|Any CPU
		{375C2FD4-4091-4DDF-B3E2-CC661B4D211D}.Release|Any CPU.ActiveCfg = Release|Any CPU
		{375C2FD4-4091-4DDF-B3E2-CC661B4D211D}.Release|Any CPU.Build.0 = Release|Any CPU
	EndGlobalSection
	GlobalSection(SolutionProperties) = preSolution
		HideSolutionNode = FALSE
	EndGlobalSection
	GlobalSection(NestedProjects) = preSolution
		{3CD3E3AA-0CF0-4637-A193-770F3A2150A8} = {6583346F-E4B7-499E-A197-4A557A863F43}
		{CE7C3F5E-607E-473B-9E40-BA518B39F62A} = {6583346F-E4B7-499E-A197-4A557A863F43}
		{9125B755-C308-499C-AF53-9A1303D9FC15} = {6583346F-E4B7-499E-A197-4A557A863F43}
		{CD046509-52FE-43FE-A1BE-2D5C72D8B2BE} = {6583346F-E4B7-499E-A197-4A557A863F43}
		{905BA825-0295-44D0-8180-8DF658C116C2} = {FDBACBE3-C843-479C-A99A-73358416EC4A}
		{6261597E-77D8-49D5-9C4A-1D19B6ED50FA} = {FDBACBE3-C843-479C-A99A-73358416EC4A}
		{6E81B470-9C35-4334-AFB0-9487D4D05803} = {FDBACBE3-C843-479C-A99A-73358416EC4A}
		{DFC66CF0-59C0-417D-90C8-6AF7897172D4} = {FDBACBE3-C843-479C-A99A-73358416EC4A}
		{8CA72222-D526-4BD6-BE37-B27FDCCB7A3D} = {FDBACBE3-C843-479C-A99A-73358416EC4A}
		{F4B9602A-C20E-4C6F-9523-6E4B1B709345} = {EF5389E7-D1BC-428C-A197-8878AFAAC46B}
		{DF3A87E6-257F-4D8E-A85A-935D1F9388DC} = {EF5389E7-D1BC-428C-A197-8878AFAAC46B}
		{36183AC0-EB1A-4283-B089-5D0B47C321A0} = {EF5389E7-D1BC-428C-A197-8878AFAAC46B}
		{3806049C-8570-4F01-890A-FA528D00469C} = {AE5FFC28-9F80-4DB2-9FA7-0F246AE25BC7}
		{87D6B9B3-55B5-44EF-9BCE-ECE4096FA0D7} = {AE5FFC28-9F80-4DB2-9FA7-0F246AE25BC7}
		{D2675422-96E9-4829-8B13-BC6BA2828CD9} = {AE5FFC28-9F80-4DB2-9FA7-0F246AE25BC7}
		{3F984F73-7853-40B6-AF77-1192398859AE} = {A0B80559-CD65-4217-A927-CB70288325AB}
		{FF783AEB-DB2C-4BD1-956E-E01470FCBD01} = {A0B80559-CD65-4217-A927-CB70288325AB}
		{3E16464C-916D-4DF5-8A9A-C38AF32C8AA3} = {A0B80559-CD65-4217-A927-CB70288325AB}
		{375C2FD4-4091-4DDF-B3E2-CC661B4D211D} = {A0B80559-CD65-4217-A927-CB70288325AB}
	EndGlobalSection
	GlobalSection(ExtensibilityGlobals) = postSolution
		SolutionGuid = {015551E1-44ED-4CEE-827A-26BD32494632}
	EndGlobalSection
EndGlobal
<<<<<<< HEAD
>>>>>>> decc36c (first commit)
=======
>>>>>>> decc36c (first commit)
